
Microsoft Visual Studio Solution File, Format Version 12.00
# Visual Studio 2013
VisualStudioVersion = 12.0.31101.0
MinimumVisualStudioVersion = 10.0.40219.1
Project("{8BC9CEB8-8B4A-11D0-8D11-00A0C91BC942}") = "s1t01", "s1\s1t01\s101.vcxproj", "{A77C23BB-C8BE-452F-8A81-0402FBF7505F}"
EndProject
Project("{8BC9CEB8-8B4A-11D0-8D11-00A0C91BC942}") = "s1t02", "s1\s1t02\s1t2.vcxproj", "{4BAD6CF5-3E4E-4CFC-B900-6288053CD776}"
EndProject
Project("{8BC9CEB8-8B4A-11D0-8D11-00A0C91BC942}") = "s1t03", "s1\s1t03\s1t3.vcxproj", "{D3C824D2-0C2E-49F2-8C68-1CC339033F45}"
EndProject
Project("{8BC9CEB8-8B4A-11D0-8D11-00A0C91BC942}") = "s1t04", "s1\s1t04\s1t4.vcxproj", "{52BB2E29-E3DE-42B3-81D3-62B9DDCA9244}"
EndProject
Project("{8BC9CEB8-8B4A-11D0-8D11-00A0C91BC942}") = "s1t05", "s1\s1t05\s1t5.vcxproj", "{A2453FF1-F9C0-4D02-9DAC-D479BAEC74ED}"
EndProject
Project("{8BC9CEB8-8B4A-11D0-8D11-00A0C91BC942}") = "s1t06", "s1\s1t06\s1t6.vcxproj", "{51A9384C-D615-450E-B744-D000FBAD14F8}"
EndProject
Project("{8BC9CEB8-8B4A-11D0-8D11-00A0C91BC942}") = "s1t07", "s1\s1t07\s1t7.vcxproj", "{3BD2B1E6-82FC-4A4F-8A75-E274028BF35A}"
EndProject
Project("{8BC9CEB8-8B4A-11D0-8D11-00A0C91BC942}") = "s1t08", "s1\s1t08\s1t8.vcxproj", "{891B1DB2-A2CE-4DE7-A6BF-AB2EBE6E517A}"
EndProject
Project("{8BC9CEB8-8B4A-11D0-8D11-00A0C91BC942}") = "s1t09", "s1\s1t09\s1t9.vcxproj", "{FBE56454-8909-48B0-85DF-600F171C2CC8}"
EndProject
Project("{8BC9CEB8-8B4A-11D0-8D11-00A0C91BC942}") = "s1t10", "s1\s1t10\s1t10.vcxproj", "{D67B364A-ACF6-463B-B8EF-7B328C3C9BF2}"
EndProject
Project("{8BC9CEB8-8B4A-11D0-8D11-00A0C91BC942}") = "s1t11", "s1\s1t11\s1t11.vcxproj", "{794D6A1A-E336-4197-BFD7-C5B9EC257ACC}"
EndProject
Project("{8BC9CEB8-8B4A-11D0-8D11-00A0C91BC942}") = "s1t12", "s1\s1t12\s1t12.vcxproj", "{3EF973FC-1743-4EB6-8430-E45975670F86}"
EndProject
Project("{8BC9CEB8-8B4A-11D0-8D11-00A0C91BC942}") = "s1t13", "s1\s1t13\s1t13.vcxproj", "{16C306F8-CBB6-4648-A798-CE9A8CCB0414}"
EndProject
Project("{8BC9CEB8-8B4A-11D0-8D11-00A0C91BC942}") = "s1t14", "s1\s1t14\s1t14.vcxproj", "{80699925-3AED-4423-993E-C1D52084AA82}"
EndProject
Project("{8BC9CEB8-8B4A-11D0-8D11-00A0C91BC942}") = "s1t15", "s1\s1t15\s1t15.vcxproj", "{DEED92B3-FE98-45D1-B001-A6FA7B95D206}"
EndProject
Project("{2150E333-8FDC-42A3-9474-1A3956D46DE8}") = "Session 1", "Session 1", "{88F0E77E-727E-45D1-8F53-6912FA1E5678}"
EndProject
Project("{2150E333-8FDC-42A3-9474-1A3956D46DE8}") = "Session 2", "Session 2", "{5FA1A72E-0CA3-4B61-936B-38E3B92ED824}"
EndProject
Project("{8BC9CEB8-8B4A-11D0-8D11-00A0C91BC942}") = "s2t01", "s2\s2t01\s2t01\s2t01.vcxproj", "{F8642ED8-3A7D-47AC-882A-57784D78DAB2}"
EndProject
Project("{8BC9CEB8-8B4A-11D0-8D11-00A0C91BC942}") = "S2t02", "s2\S2t02\S2t02.vcxproj", "{E4B79AA0-86EC-470A-978D-97A9DFBAF4C1}"
EndProject
Project("{8BC9CEB8-8B4A-11D0-8D11-00A0C91BC942}") = "s2t03", "s2\s2t03\s2t03.vcxproj", "{8332C99F-4514-4350-BAF8-862E04AA645A}"
EndProject
Project("{8BC9CEB8-8B4A-11D0-8D11-00A0C91BC942}") = "s2t04", "s2\s2t04\s2t04.vcxproj", "{17CCD568-4976-4FFD-A882-9FA3F3D20719}"
EndProject
Project("{8BC9CEB8-8B4A-11D0-8D11-00A0C91BC942}") = "s2t05", "s2\s2t05\s2t05.vcxproj", "{964C819A-8804-4447-8143-A6E1CF65B0F0}"
EndProject
Project("{8BC9CEB8-8B4A-11D0-8D11-00A0C91BC942}") = "s2t06", "s2\s2t06\s2t06.vcxproj", "{052BA5FF-AAC3-4DE7-9EAB-A4C966BD1274}"
EndProject
Project("{8BC9CEB8-8B4A-11D0-8D11-00A0C91BC942}") = "s2t07", "s2\s2t07\s2t07.vcxproj", "{A7EB0F82-E278-4384-BA26-9F648951F96B}"
EndProject
Project("{8BC9CEB8-8B4A-11D0-8D11-00A0C91BC942}") = "s2t08", "s2\s2t08\s2t08.vcxproj", "{C342702E-B549-4C43-9FB6-5763AE8E745B}"
EndProject
Project("{8BC9CEB8-8B4A-11D0-8D11-00A0C91BC942}") = "s2t09", "s2\s2t09\s2t09.vcxproj", "{BF0383FB-6350-42CE-BCC9-3FCDC75C81E3}"
EndProject
Global
	GlobalSection(SolutionConfigurationPlatforms) = preSolution
		Debug|Win32 = Debug|Win32
		Release|Win32 = Release|Win32
	EndGlobalSection
	GlobalSection(ProjectConfigurationPlatforms) = postSolution
		{A77C23BB-C8BE-452F-8A81-0402FBF7505F}.Debug|Win32.ActiveCfg = Debug|Win32
		{A77C23BB-C8BE-452F-8A81-0402FBF7505F}.Debug|Win32.Build.0 = Debug|Win32
		{A77C23BB-C8BE-452F-8A81-0402FBF7505F}.Release|Win32.ActiveCfg = Release|Win32
		{A77C23BB-C8BE-452F-8A81-0402FBF7505F}.Release|Win32.Build.0 = Release|Win32
		{4BAD6CF5-3E4E-4CFC-B900-6288053CD776}.Debug|Win32.ActiveCfg = Debug|Win32
		{4BAD6CF5-3E4E-4CFC-B900-6288053CD776}.Debug|Win32.Build.0 = Debug|Win32
		{4BAD6CF5-3E4E-4CFC-B900-6288053CD776}.Release|Win32.ActiveCfg = Release|Win32
		{4BAD6CF5-3E4E-4CFC-B900-6288053CD776}.Release|Win32.Build.0 = Release|Win32
		{D3C824D2-0C2E-49F2-8C68-1CC339033F45}.Debug|Win32.ActiveCfg = Debug|Win32
		{D3C824D2-0C2E-49F2-8C68-1CC339033F45}.Debug|Win32.Build.0 = Debug|Win32
		{D3C824D2-0C2E-49F2-8C68-1CC339033F45}.Release|Win32.ActiveCfg = Release|Win32
		{D3C824D2-0C2E-49F2-8C68-1CC339033F45}.Release|Win32.Build.0 = Release|Win32
		{52BB2E29-E3DE-42B3-81D3-62B9DDCA9244}.Debug|Win32.ActiveCfg = Debug|Win32
		{52BB2E29-E3DE-42B3-81D3-62B9DDCA9244}.Debug|Win32.Build.0 = Debug|Win32
		{52BB2E29-E3DE-42B3-81D3-62B9DDCA9244}.Release|Win32.ActiveCfg = Release|Win32
		{52BB2E29-E3DE-42B3-81D3-62B9DDCA9244}.Release|Win32.Build.0 = Release|Win32
		{A2453FF1-F9C0-4D02-9DAC-D479BAEC74ED}.Debug|Win32.ActiveCfg = Debug|Win32
		{A2453FF1-F9C0-4D02-9DAC-D479BAEC74ED}.Debug|Win32.Build.0 = Debug|Win32
		{A2453FF1-F9C0-4D02-9DAC-D479BAEC74ED}.Release|Win32.ActiveCfg = Release|Win32
		{A2453FF1-F9C0-4D02-9DAC-D479BAEC74ED}.Release|Win32.Build.0 = Release|Win32
		{51A9384C-D615-450E-B744-D000FBAD14F8}.Debug|Win32.ActiveCfg = Debug|Win32
		{51A9384C-D615-450E-B744-D000FBAD14F8}.Debug|Win32.Build.0 = Debug|Win32
		{51A9384C-D615-450E-B744-D000FBAD14F8}.Release|Win32.ActiveCfg = Release|Win32
		{51A9384C-D615-450E-B744-D000FBAD14F8}.Release|Win32.Build.0 = Release|Win32
		{3BD2B1E6-82FC-4A4F-8A75-E274028BF35A}.Debug|Win32.ActiveCfg = Debug|Win32
		{3BD2B1E6-82FC-4A4F-8A75-E274028BF35A}.Debug|Win32.Build.0 = Debug|Win32
		{3BD2B1E6-82FC-4A4F-8A75-E274028BF35A}.Release|Win32.ActiveCfg = Release|Win32
		{3BD2B1E6-82FC-4A4F-8A75-E274028BF35A}.Release|Win32.Build.0 = Release|Win32
		{891B1DB2-A2CE-4DE7-A6BF-AB2EBE6E517A}.Debug|Win32.ActiveCfg = Debug|Win32
		{891B1DB2-A2CE-4DE7-A6BF-AB2EBE6E517A}.Debug|Win32.Build.0 = Debug|Win32
		{891B1DB2-A2CE-4DE7-A6BF-AB2EBE6E517A}.Release|Win32.ActiveCfg = Release|Win32
		{891B1DB2-A2CE-4DE7-A6BF-AB2EBE6E517A}.Release|Win32.Build.0 = Release|Win32
		{FBE56454-8909-48B0-85DF-600F171C2CC8}.Debug|Win32.ActiveCfg = Debug|Win32
		{FBE56454-8909-48B0-85DF-600F171C2CC8}.Debug|Win32.Build.0 = Debug|Win32
		{FBE56454-8909-48B0-85DF-600F171C2CC8}.Release|Win32.ActiveCfg = Release|Win32
		{FBE56454-8909-48B0-85DF-600F171C2CC8}.Release|Win32.Build.0 = Release|Win32
		{D67B364A-ACF6-463B-B8EF-7B328C3C9BF2}.Debug|Win32.ActiveCfg = Debug|Win32
		{D67B364A-ACF6-463B-B8EF-7B328C3C9BF2}.Debug|Win32.Build.0 = Debug|Win32
		{D67B364A-ACF6-463B-B8EF-7B328C3C9BF2}.Release|Win32.ActiveCfg = Release|Win32
		{D67B364A-ACF6-463B-B8EF-7B328C3C9BF2}.Release|Win32.Build.0 = Release|Win32
		{794D6A1A-E336-4197-BFD7-C5B9EC257ACC}.Debug|Win32.ActiveCfg = Debug|Win32
		{794D6A1A-E336-4197-BFD7-C5B9EC257ACC}.Debug|Win32.Build.0 = Debug|Win32
		{794D6A1A-E336-4197-BFD7-C5B9EC257ACC}.Release|Win32.ActiveCfg = Release|Win32
		{794D6A1A-E336-4197-BFD7-C5B9EC257ACC}.Release|Win32.Build.0 = Release|Win32
		{3EF973FC-1743-4EB6-8430-E45975670F86}.Debug|Win32.ActiveCfg = Debug|Win32
		{3EF973FC-1743-4EB6-8430-E45975670F86}.Debug|Win32.Build.0 = Debug|Win32
		{3EF973FC-1743-4EB6-8430-E45975670F86}.Release|Win32.ActiveCfg = Release|Win32
		{3EF973FC-1743-4EB6-8430-E45975670F86}.Release|Win32.Build.0 = Release|Win32
		{16C306F8-CBB6-4648-A798-CE9A8CCB0414}.Debug|Win32.ActiveCfg = Debug|Win32
		{16C306F8-CBB6-4648-A798-CE9A8CCB0414}.Debug|Win32.Build.0 = Debug|Win32
		{16C306F8-CBB6-4648-A798-CE9A8CCB0414}.Release|Win32.ActiveCfg = Release|Win32
		{16C306F8-CBB6-4648-A798-CE9A8CCB0414}.Release|Win32.Build.0 = Release|Win32
		{80699925-3AED-4423-993E-C1D52084AA82}.Debug|Win32.ActiveCfg = Debug|Win32
		{80699925-3AED-4423-993E-C1D52084AA82}.Debug|Win32.Build.0 = Debug|Win32
		{80699925-3AED-4423-993E-C1D52084AA82}.Release|Win32.ActiveCfg = Release|Win32
		{80699925-3AED-4423-993E-C1D52084AA82}.Release|Win32.Build.0 = Release|Win32
		{DEED92B3-FE98-45D1-B001-A6FA7B95D206}.Debug|Win32.ActiveCfg = Debug|Win32
		{DEED92B3-FE98-45D1-B001-A6FA7B95D206}.Debug|Win32.Build.0 = Debug|Win32
		{DEED92B3-FE98-45D1-B001-A6FA7B95D206}.Release|Win32.ActiveCfg = Release|Win32
		{DEED92B3-FE98-45D1-B001-A6FA7B95D206}.Release|Win32.Build.0 = Release|Win32
		{F8642ED8-3A7D-47AC-882A-57784D78DAB2}.Debug|Win32.ActiveCfg = Debug|Win32
		{F8642ED8-3A7D-47AC-882A-57784D78DAB2}.Debug|Win32.Build.0 = Debug|Win32
		{F8642ED8-3A7D-47AC-882A-57784D78DAB2}.Release|Win32.ActiveCfg = Release|Win32
		{F8642ED8-3A7D-47AC-882A-57784D78DAB2}.Release|Win32.Build.0 = Release|Win32
		{E4B79AA0-86EC-470A-978D-97A9DFBAF4C1}.Debug|Win32.ActiveCfg = Debug|Win32
		{E4B79AA0-86EC-470A-978D-97A9DFBAF4C1}.Debug|Win32.Build.0 = Debug|Win32
		{E4B79AA0-86EC-470A-978D-97A9DFBAF4C1}.Release|Win32.ActiveCfg = Release|Win32
		{E4B79AA0-86EC-470A-978D-97A9DFBAF4C1}.Release|Win32.Build.0 = Release|Win32
		{8332C99F-4514-4350-BAF8-862E04AA645A}.Debug|Win32.ActiveCfg = Debug|Win32
		{8332C99F-4514-4350-BAF8-862E04AA645A}.Debug|Win32.Build.0 = Debug|Win32
		{8332C99F-4514-4350-BAF8-862E04AA645A}.Release|Win32.ActiveCfg = Release|Win32
		{8332C99F-4514-4350-BAF8-862E04AA645A}.Release|Win32.Build.0 = Release|Win32
		{17CCD568-4976-4FFD-A882-9FA3F3D20719}.Debug|Win32.ActiveCfg = Debug|Win32
		{17CCD568-4976-4FFD-A882-9FA3F3D20719}.Debug|Win32.Build.0 = Debug|Win32
		{17CCD568-4976-4FFD-A882-9FA3F3D20719}.Release|Win32.ActiveCfg = Release|Win32
		{17CCD568-4976-4FFD-A882-9FA3F3D20719}.Release|Win32.Build.0 = Release|Win32
		{964C819A-8804-4447-8143-A6E1CF65B0F0}.Debug|Win32.ActiveCfg = Debug|Win32
		{964C819A-8804-4447-8143-A6E1CF65B0F0}.Debug|Win32.Build.0 = Debug|Win32
		{964C819A-8804-4447-8143-A6E1CF65B0F0}.Release|Win32.ActiveCfg = Release|Win32
		{964C819A-8804-4447-8143-A6E1CF65B0F0}.Release|Win32.Build.0 = Release|Win32
		{052BA5FF-AAC3-4DE7-9EAB-A4C966BD1274}.Debug|Win32.ActiveCfg = Debug|Win32
		{052BA5FF-AAC3-4DE7-9EAB-A4C966BD1274}.Debug|Win32.Build.0 = Debug|Win32
		{052BA5FF-AAC3-4DE7-9EAB-A4C966BD1274}.Release|Win32.ActiveCfg = Release|Win32
		{052BA5FF-AAC3-4DE7-9EAB-A4C966BD1274}.Release|Win32.Build.0 = Release|Win32
		{A7EB0F82-E278-4384-BA26-9F648951F96B}.Debug|Win32.ActiveCfg = Debug|Win32
		{A7EB0F82-E278-4384-BA26-9F648951F96B}.Debug|Win32.Build.0 = Debug|Win32
		{A7EB0F82-E278-4384-BA26-9F648951F96B}.Release|Win32.ActiveCfg = Release|Win32
		{A7EB0F82-E278-4384-BA26-9F648951F96B}.Release|Win32.Build.0 = Release|Win32
		{C342702E-B549-4C43-9FB6-5763AE8E745B}.Debug|Win32.ActiveCfg = Debug|Win32
		{C342702E-B549-4C43-9FB6-5763AE8E745B}.Debug|Win32.Build.0 = Debug|Win32
		{C342702E-B549-4C43-9FB6-5763AE8E745B}.Release|Win32.ActiveCfg = Release|Win32
		{C342702E-B549-4C43-9FB6-5763AE8E745B}.Release|Win32.Build.0 = Release|Win32
		{BF0383FB-6350-42CE-BCC9-3FCDC75C81E3}.Debug|Win32.ActiveCfg = Debug|Win32
		{BF0383FB-6350-42CE-BCC9-3FCDC75C81E3}.Debug|Win32.Build.0 = Debug|Win32
		{BF0383FB-6350-42CE-BCC9-3FCDC75C81E3}.Release|Win32.ActiveCfg = Release|Win32
		{BF0383FB-6350-42CE-BCC9-3FCDC75C81E3}.Release|Win32.Build.0 = Release|Win32
	EndGlobalSection
	GlobalSection(SolutionProperties) = preSolution
		HideSolutionNode = FALSE
	EndGlobalSection
	GlobalSection(NestedProjects) = preSolution
		{A77C23BB-C8BE-452F-8A81-0402FBF7505F} = {88F0E77E-727E-45D1-8F53-6912FA1E5678}
		{4BAD6CF5-3E4E-4CFC-B900-6288053CD776} = {88F0E77E-727E-45D1-8F53-6912FA1E5678}
		{D3C824D2-0C2E-49F2-8C68-1CC339033F45} = {88F0E77E-727E-45D1-8F53-6912FA1E5678}
		{52BB2E29-E3DE-42B3-81D3-62B9DDCA9244} = {88F0E77E-727E-45D1-8F53-6912FA1E5678}
		{A2453FF1-F9C0-4D02-9DAC-D479BAEC74ED} = {88F0E77E-727E-45D1-8F53-6912FA1E5678}
		{51A9384C-D615-450E-B744-D000FBAD14F8} = {88F0E77E-727E-45D1-8F53-6912FA1E5678}
		{3BD2B1E6-82FC-4A4F-8A75-E274028BF35A} = {88F0E77E-727E-45D1-8F53-6912FA1E5678}
		{891B1DB2-A2CE-4DE7-A6BF-AB2EBE6E517A} = {88F0E77E-727E-45D1-8F53-6912FA1E5678}
		{FBE56454-8909-48B0-85DF-600F171C2CC8} = {88F0E77E-727E-45D1-8F53-6912FA1E5678}
		{D67B364A-ACF6-463B-B8EF-7B328C3C9BF2} = {88F0E77E-727E-45D1-8F53-6912FA1E5678}
		{794D6A1A-E336-4197-BFD7-C5B9EC257ACC} = {88F0E77E-727E-45D1-8F53-6912FA1E5678}
		{3EF973FC-1743-4EB6-8430-E45975670F86} = {88F0E77E-727E-45D1-8F53-6912FA1E5678}
		{16C306F8-CBB6-4648-A798-CE9A8CCB0414} = {88F0E77E-727E-45D1-8F53-6912FA1E5678}
		{80699925-3AED-4423-993E-C1D52084AA82} = {88F0E77E-727E-45D1-8F53-6912FA1E5678}
		{DEED92B3-FE98-45D1-B001-A6FA7B95D206} = {88F0E77E-727E-45D1-8F53-6912FA1E5678}
		{F8642ED8-3A7D-47AC-882A-57784D78DAB2} = {5FA1A72E-0CA3-4B61-936B-38E3B92ED824}
		{E4B79AA0-86EC-470A-978D-97A9DFBAF4C1} = {5FA1A72E-0CA3-4B61-936B-38E3B92ED824}
		{8332C99F-4514-4350-BAF8-862E04AA645A} = {5FA1A72E-0CA3-4B61-936B-38E3B92ED824}
		{17CCD568-4976-4FFD-A882-9FA3F3D20719} = {5FA1A72E-0CA3-4B61-936B-38E3B92ED824}
		{964C819A-8804-4447-8143-A6E1CF65B0F0} = {5FA1A72E-0CA3-4B61-936B-38E3B92ED824}
		{052BA5FF-AAC3-4DE7-9EAB-A4C966BD1274} = {5FA1A72E-0CA3-4B61-936B-38E3B92ED824}
		{A7EB0F82-E278-4384-BA26-9F648951F96B} = {5FA1A72E-0CA3-4B61-936B-38E3B92ED824}
		{C342702E-B549-4C43-9FB6-5763AE8E745B} = {5FA1A72E-0CA3-4B61-936B-38E3B92ED824}
		{BF0383FB-6350-42CE-BCC9-3FCDC75C81E3} = {5FA1A72E-0CA3-4B61-936B-38E3B92ED824}
	EndGlobalSection
EndGlobal
